
Microsoft Visual Studio Solution File, Format Version 12.00
# Visual Studio 14
VisualStudioVersion = 14.0.25420.1
MinimumVisualStudioVersion = 10.0.40219.1
Project("{FAE04EC0-301F-11D3-BF4B-00C04F79EFBC}") = "MonteCarloLines", "MonteCarloLines\MonteCarloLines.csproj", "{C924763D-4292-4638-977E-21F2DE2B43DD}"
EndProject
Global
	GlobalSection(SolutionConfigurationPlatforms) = preSolution
		Debug|Any CPU = Debug|Any CPU
		Release|Any CPU = Release|Any CPU
	EndGlobalSection
	GlobalSection(ProjectConfigurationPlatforms) = postSolution
		{C924763D-4292-4638-977E-21F2DE2B43DD}.Debug|Any CPU.ActiveCfg = Debug|Any CPU
		{C924763D-4292-4638-977E-21F2DE2B43DD}.Debug|Any CPU.Build.0 = Debug|Any CPU
		{C924763D-4292-4638-977E-21F2DE2B43DD}.Release|Any CPU.ActiveCfg = Release|Any CPU
		{C924763D-4292-4638-977E-21F2DE2B43DD}.Release|Any CPU.Build.0 = Release|Any CPU
	EndGlobalSection
	GlobalSection(SolutionProperties) = preSolution
		HideSolutionNode = FALSE
	EndGlobalSection
EndGlobal
